// !$*UTF8*$!
{
	archiveVersion = 1;
	classes = {
	};
	objectVersion = 48;
	objects = {

/* Begin PBXBuildFile section */
		69C0186420083F90005B2226 /* AppDelegate.swift in Sources */ = {isa = PBXBuildFile; fileRef = 69C0186320083F90005B2226 /* AppDelegate.swift */; };
		69C0186620083F90005B2226 /* ViewController.swift in Sources */ = {isa = PBXBuildFile; fileRef = 69C0186520083F90005B2226 /* ViewController.swift */; };
		69C0186920083F90005B2226 /* Main.storyboard in Resources */ = {isa = PBXBuildFile; fileRef = 69C0186720083F90005B2226 /* Main.storyboard */; };
		69C0186B20083F90005B2226 /* Assets.xcassets in Resources */ = {isa = PBXBuildFile; fileRef = 69C0186A20083F90005B2226 /* Assets.xcassets */; };
		69C0186E20083F90005B2226 /* LaunchScreen.storyboard in Resources */ = {isa = PBXBuildFile; fileRef = 69C0186C20083F90005B2226 /* LaunchScreen.storyboard */; };
		A4B8F1CCE87DF1F7E151EB8C /* Pods_SBLayoutDemo.framework in Frameworks */ = {isa = PBXBuildFile; fileRef = 8532B0E654C254AACAEFEA32 /* Pods_SBLayoutDemo.framework */; };
/* End PBXBuildFile section */

/* Begin PBXFileReference section */
		69C0186020083F90005B2226 /* SBLayoutDemo.app */ = {isa = PBXFileReference; explicitFileType = wrapper.application; includeInIndex = 0; path = SBLayoutDemo.app; sourceTree = BUILT_PRODUCTS_DIR; };
		69C0186320083F90005B2226 /* AppDelegate.swift */ = {isa = PBXFileReference; lastKnownFileType = sourcecode.swift; path = AppDelegate.swift; sourceTree = "<group>"; };
		69C0186520083F90005B2226 /* ViewController.swift */ = {isa = PBXFileReference; lastKnownFileType = sourcecode.swift; path = ViewController.swift; sourceTree = "<group>"; };
		69C0186820083F90005B2226 /* Base */ = {isa = PBXFileReference; lastKnownFileType = file.storyboard; name = Base; path = Base.lproj/Main.storyboard; sourceTree = "<group>"; };
		69C0186A20083F90005B2226 /* Assets.xcassets */ = {isa = PBXFileReference; lastKnownFileType = folder.assetcatalog; path = Assets.xcassets; sourceTree = "<group>"; };
		69C0186D20083F90005B2226 /* Base */ = {isa = PBXFileReference; lastKnownFileType = file.storyboard; name = Base; path = Base.lproj/LaunchScreen.storyboard; sourceTree = "<group>"; };
		69C0186F20083F90005B2226 /* Info.plist */ = {isa = PBXFileReference; lastKnownFileType = text.plist.xml; path = Info.plist; sourceTree = "<group>"; };
		72DE6D9D7C7C2419E8B89DBB /* Pods-SBLayoutDemo.release.xcconfig */ = {isa = PBXFileReference; includeInIndex = 1; lastKnownFileType = text.xcconfig; name = "Pods-SBLayoutDemo.release.xcconfig"; path = "Pods/Target Support Files/Pods-SBLayoutDemo/Pods-SBLayoutDemo.release.xcconfig"; sourceTree = "<group>"; };
		8532B0E654C254AACAEFEA32 /* Pods_SBLayoutDemo.framework */ = {isa = PBXFileReference; explicitFileType = wrapper.framework; includeInIndex = 0; path = Pods_SBLayoutDemo.framework; sourceTree = BUILT_PRODUCTS_DIR; };
		C2622FC18CD428035221D101 /* Pods-SBLayoutDemo.debug.xcconfig */ = {isa = PBXFileReference; includeInIndex = 1; lastKnownFileType = text.xcconfig; name = "Pods-SBLayoutDemo.debug.xcconfig"; path = "Pods/Target Support Files/Pods-SBLayoutDemo/Pods-SBLayoutDemo.debug.xcconfig"; sourceTree = "<group>"; };
/* End PBXFileReference section */

/* Begin PBXFrameworksBuildPhase section */
		69C0185D20083F90005B2226 /* Frameworks */ = {
			isa = PBXFrameworksBuildPhase;
			buildActionMask = 2147483647;
			files = (
				A4B8F1CCE87DF1F7E151EB8C /* Pods_SBLayoutDemo.framework in Frameworks */,
			);
			runOnlyForDeploymentPostprocessing = 0;
		};
/* End PBXFrameworksBuildPhase section */

/* Begin PBXGroup section */
		69C0185720083F90005B2226 = {
			isa = PBXGroup;
			children = (
				69C0186220083F90005B2226 /* SBLayoutDemo */,
				69C0186120083F90005B2226 /* Products */,
				F05AE4E6850956D0F7483A26 /* Pods */,
				BFD8B6F31C904C1DB26E2BAB /* Frameworks */,
			);
			sourceTree = "<group>";
		};
		69C0186120083F90005B2226 /* Products */ = {
			isa = PBXGroup;
			children = (
				69C0186020083F90005B2226 /* SBLayoutDemo.app */,
			);
			name = Products;
			sourceTree = "<group>";
		};
		69C0186220083F90005B2226 /* SBLayoutDemo */ = {
			isa = PBXGroup;
			children = (
				69C0186320083F90005B2226 /* AppDelegate.swift */,
				69C0186520083F90005B2226 /* ViewController.swift */,
				69C0186720083F90005B2226 /* Main.storyboard */,
				69C0186A20083F90005B2226 /* Assets.xcassets */,
				69C0186C20083F90005B2226 /* LaunchScreen.storyboard */,
				69C0186F20083F90005B2226 /* Info.plist */,
			);
			path = SBLayoutDemo;
			sourceTree = "<group>";
		};
		BFD8B6F31C904C1DB26E2BAB /* Frameworks */ = {
			isa = PBXGroup;
			children = (
				8532B0E654C254AACAEFEA32 /* Pods_SBLayoutDemo.framework */,
			);
			name = Frameworks;
			sourceTree = "<group>";
		};
		F05AE4E6850956D0F7483A26 /* Pods */ = {
			isa = PBXGroup;
			children = (
				C2622FC18CD428035221D101 /* Pods-SBLayoutDemo.debug.xcconfig */,
				72DE6D9D7C7C2419E8B89DBB /* Pods-SBLayoutDemo.release.xcconfig */,
			);
			name = Pods;
			sourceTree = "<group>";
		};
/* End PBXGroup section */

/* Begin PBXNativeTarget section */
		69C0185F20083F90005B2226 /* SBLayoutDemo */ = {
			isa = PBXNativeTarget;
			buildConfigurationList = 69C0187220083F90005B2226 /* Build configuration list for PBXNativeTarget "SBLayoutDemo" */;
			buildPhases = (
				B567B53B3D7AAA7CC9C696AC /* [CP] Check Pods Manifest.lock */,
				69C0185C20083F90005B2226 /* Sources */,
				69C0185D20083F90005B2226 /* Frameworks */,
				69C0185E20083F90005B2226 /* Resources */,
				77AEF72CE4B7F2851C8F04D5 /* [CP] Embed Pods Frameworks */,
				F6AD6AB588EE59850CA3F13F /* [CP] Copy Pods Resources */,
			);
			buildRules = (
			);
			dependencies = (
			);
			name = SBLayoutDemo;
			productName = SBLayoutDemo;
			productReference = 69C0186020083F90005B2226 /* SBLayoutDemo.app */;
			productType = "com.apple.product-type.application";
		};
/* End PBXNativeTarget section */

/* Begin PBXProject section */
		69C0185820083F90005B2226 /* Project object */ = {
			isa = PBXProject;
			attributes = {
				LastSwiftUpdateCheck = 0920;
				LastUpgradeCheck = 0920;
				ORGANIZATIONNAME = sycf_ios;
				TargetAttributes = {
					69C0185F20083F90005B2226 = {
						CreatedOnToolsVersion = 9.2;
						ProvisioningStyle = Automatic;
					};
				};
			};
			buildConfigurationList = 69C0185B20083F90005B2226 /* Build configuration list for PBXProject "SBLayoutDemo" */;
			compatibilityVersion = "Xcode 8.0";
			developmentRegion = en;
			hasScannedForEncodings = 0;
			knownRegions = (
				en,
				Base,
			);
			mainGroup = 69C0185720083F90005B2226;
			productRefGroup = 69C0186120083F90005B2226 /* Products */;
			projectDirPath = "";
			projectRoot = "";
			targets = (
				69C0185F20083F90005B2226 /* SBLayoutDemo */,
			);
		};
/* End PBXProject section */

/* Begin PBXResourcesBuildPhase section */
		69C0185E20083F90005B2226 /* Resources */ = {
			isa = PBXResourcesBuildPhase;
			buildActionMask = 2147483647;
			files = (
				69C0186E20083F90005B2226 /* LaunchScreen.storyboard in Resources */,
				69C0186B20083F90005B2226 /* Assets.xcassets in Resources */,
				69C0186920083F90005B2226 /* Main.storyboard in Resources */,
			);
			runOnlyForDeploymentPostprocessing = 0;
		};
/* End PBXResourcesBuildPhase section */

/* Begin PBXShellScriptBuildPhase section */
		77AEF72CE4B7F2851C8F04D5 /* [CP] Embed Pods Frameworks */ = {
			isa = PBXShellScriptBuildPhase;
			buildActionMask = 2147483647;
			files = (
			);
			inputPaths = (
				"${SRCROOT}/Pods/Target Support Files/Pods-SBLayoutDemo/Pods-SBLayoutDemo-frameworks.sh",
				"${BUILT_PRODUCTS_DIR}/SBLayout/SBLayout.framework",
			);
			name = "[CP] Embed Pods Frameworks";
			outputPaths = (
				"${TARGET_BUILD_DIR}/${FRAMEWORKS_FOLDER_PATH}/SBLayout.framework",
			);
			runOnlyForDeploymentPostprocessing = 0;
			shellPath = /bin/sh;
			shellScript = "\"${SRCROOT}/Pods/Target Support Files/Pods-SBLayoutDemo/Pods-SBLayoutDemo-frameworks.sh\"\n";
			showEnvVarsInLog = 0;
		};
		B567B53B3D7AAA7CC9C696AC /* [CP] Check Pods Manifest.lock */ = {
			isa = PBXShellScriptBuildPhase;
			buildActionMask = 2147483647;
			files = (
			);
			inputPaths = (
				"${PODS_PODFILE_DIR_PATH}/Podfile.lock",
				"${PODS_ROOT}/Manifest.lock",
			);
			name = "[CP] Check Pods Manifest.lock";
			outputPaths = (
				"$(DERIVED_FILE_DIR)/Pods-SBLayoutDemo-checkManifestLockResult.txt",
			);
			runOnlyForDeploymentPostprocessing = 0;
			shellPath = /bin/sh;
			shellScript = "diff \"${PODS_PODFILE_DIR_PATH}/Podfile.lock\" \"${PODS_ROOT}/Manifest.lock\" > /dev/null\nif [ $? != 0 ] ; then\n    # print error to STDERR\n    echo \"error: The sandbox is not in sync with the Podfile.lock. Run 'pod install' or update your CocoaPods installation.\" >&2\n    exit 1\nfi\n# This output is used by Xcode 'outputs' to avoid re-running this script phase.\necho \"SUCCESS\" > \"${SCRIPT_OUTPUT_FILE_0}\"\n";
			showEnvVarsInLog = 0;
		};
		F6AD6AB588EE59850CA3F13F /* [CP] Copy Pods Resources */ = {
			isa = PBXShellScriptBuildPhase;
			buildActionMask = 2147483647;
			files = (
			);
			inputPaths = (
			);
			name = "[CP] Copy Pods Resources";
			outputPaths = (
			);
			runOnlyForDeploymentPostprocessing = 0;
			shellPath = /bin/sh;
			shellScript = "\"${SRCROOT}/Pods/Target Support Files/Pods-SBLayoutDemo/Pods-SBLayoutDemo-resources.sh\"\n";
			showEnvVarsInLog = 0;
		};
/* End PBXShellScriptBuildPhase section */

/* Begin PBXSourcesBuildPhase section */
		69C0185C20083F90005B2226 /* Sources */ = {
			isa = PBXSourcesBuildPhase;
			buildActionMask = 2147483647;
			files = (
				69C0186620083F90005B2226 /* ViewController.swift in Sources */,
				69C0186420083F90005B2226 /* AppDelegate.swift in Sources */,
			);
			runOnlyForDeploymentPostprocessing = 0;
		};
/* End PBXSourcesBuildPhase section */

/* Begin PBXVariantGroup section */
		69C0186720083F90005B2226 /* Main.storyboard */ = {
			isa = PBXVariantGroup;
			children = (
				69C0186820083F90005B2226 /* Base */,
			);
			name = Main.storyboard;
			sourceTree = "<group>";
		};
		69C0186C20083F90005B2226 /* LaunchScreen.storyboard */ = {
			isa = PBXVariantGroup;
			children = (
				69C0186D20083F90005B2226 /* Base */,
			);
			name = LaunchScreen.storyboard;
			sourceTree = "<group>";
		};
/* End PBXVariantGroup section */

/* Begin XCBuildConfiguration section */
		69C0187020083F90005B2226 /* Debug */ = {
			isa = XCBuildConfiguration;
			buildSettings = {
				ALWAYS_SEARCH_USER_PATHS = NO;
				CLANG_ANALYZER_NONNULL = YES;
				CLANG_ANALYZER_NUMBER_OBJECT_CONVERSION = YES_AGGRESSIVE;
				CLANG_CXX_LANGUAGE_STANDARD = "gnu++14";
				CLANG_CXX_LIBRARY = "libc++";
				CLANG_ENABLE_MODULES = YES;
				CLANG_ENABLE_OBJC_ARC = YES;
				CLANG_WARN_BLOCK_CAPTURE_AUTORELEASING = YES;
				CLANG_WARN_BOOL_CONVERSION = YES;
				CLANG_WARN_COMMA = YES;
				CLANG_WARN_CONSTANT_CONVERSION = YES;
				CLANG_WARN_DIRECT_OBJC_ISA_USAGE = YES_ERROR;
				CLANG_WARN_DOCUMENTATION_COMMENTS = YES;
				CLANG_WARN_EMPTY_BODY = YES;
				CLANG_WARN_ENUM_CONVERSION = YES;
				CLANG_WARN_INFINITE_RECURSION = YES;
				CLANG_WARN_INT_CONVERSION = YES;
				CLANG_WARN_NON_LITERAL_NULL_CONVERSION = YES;
				CLANG_WARN_OBJC_LITERAL_CONVERSION = YES;
				CLANG_WARN_OBJC_ROOT_CLASS = YES_ERROR;
				CLANG_WARN_RANGE_LOOP_ANALYSIS = YES;
				CLANG_WARN_STRICT_PROTOTYPES = YES;
				CLANG_WARN_SUSPICIOUS_MOVE = YES;
				CLANG_WARN_UNGUARDED_AVAILABILITY = YES_AGGRESSIVE;
				CLANG_WARN_UNREACHABLE_CODE = YES;
				CLANG_WARN__DUPLICATE_METHOD_MATCH = YES;
				CODE_SIGN_IDENTITY = "iPhone Developer";
				COPY_PHASE_STRIP = NO;
				DEBUG_INFORMATION_FORMAT = dwarf;
				ENABLE_STRICT_OBJC_MSGSEND = YES;
				ENABLE_TESTABILITY = YES;
				GCC_C_LANGUAGE_STANDARD = gnu11;
				GCC_DYNAMIC_NO_PIC = NO;
				GCC_NO_COMMON_BLOCKS = YES;
				GCC_OPTIMIZATION_LEVEL = 0;
				GCC_PREPROCESSOR_DEFINITIONS = (
					"DEBUG=1",
					"$(inherited)",
				);
				GCC_WARN_64_TO_32_BIT_CONVERSION = YES;
				GCC_WARN_ABOUT_RETURN_TYPE = YES_ERROR;
				GCC_WARN_UNDECLARED_SELECTOR = YES;
				GCC_WARN_UNINITIALIZED_AUTOS = YES_AGGRESSIVE;
				GCC_WARN_UNUSED_FUNCTION = YES;
				GCC_WARN_UNUSED_VARIABLE = YES;
				IPHONEOS_DEPLOYMENT_TARGET = 11.2;
				MTL_ENABLE_DEBUG_INFO = YES;
				ONLY_ACTIVE_ARCH = YES;
				SDKROOT = iphoneos;
				SWIFT_ACTIVE_COMPILATION_CONDITIONS = DEBUG;
				SWIFT_OPTIMIZATION_LEVEL = "-Onone";
			};
			name = Debug;
		};
		69C0187120083F90005B2226 /* Release */ = {
			isa = XCBuildConfiguration;
			buildSettings = {
				ALWAYS_SEARCH_USER_PATHS = NO;
				CLANG_ANALYZER_NONNULL = YES;
				CLANG_ANALYZER_NUMBER_OBJECT_CONVERSION = YES_AGGRESSIVE;
				CLANG_CXX_LANGUAGE_STANDARD = "gnu++14";
				CLANG_CXX_LIBRARY = "libc++";
				CLANG_ENABLE_MODULES = YES;
				CLANG_ENABLE_OBJC_ARC = YES;
				CLANG_WARN_BLOCK_CAPTURE_AUTORELEASING = YES;
				CLANG_WARN_BOOL_CONVERSION = YES;
				CLANG_WARN_COMMA = YES;
				CLANG_WARN_CONSTANT_CONVERSION = YES;
				CLANG_WARN_DIRECT_OBJC_ISA_USAGE = YES_ERROR;
				CLANG_WARN_DOCUMENTATION_COMMENTS = YES;
				CLANG_WARN_EMPTY_BODY = YES;
				CLANG_WARN_ENUM_CONVERSION = YES;
				CLANG_WARN_INFINITE_RECURSION = YES;
				CLANG_WARN_INT_CONVERSION = YES;
				CLANG_WARN_NON_LITERAL_NULL_CONVERSION = YES;
				CLANG_WARN_OBJC_LITERAL_CONVERSION = YES;
				CLANG_WARN_OBJC_ROOT_CLASS = YES_ERROR;
				CLANG_WARN_RANGE_LOOP_ANALYSIS = YES;
				CLANG_WARN_STRICT_PROTOTYPES = YES;
				CLANG_WARN_SUSPICIOUS_MOVE = YES;
				CLANG_WARN_UNGUARDED_AVAILABILITY = YES_AGGRESSIVE;
				CLANG_WARN_UNREACHABLE_CODE = YES;
				CLANG_WARN__DUPLICATE_METHOD_MATCH = YES;
				CODE_SIGN_IDENTITY = "iPhone Developer";
				COPY_PHASE_STRIP = NO;
				DEBUG_INFORMATION_FORMAT = "dwarf-with-dsym";
				ENABLE_NS_ASSERTIONS = NO;
				ENABLE_STRICT_OBJC_MSGSEND = YES;
				GCC_C_LANGUAGE_STANDARD = gnu11;
				GCC_NO_COMMON_BLOCKS = YES;
				GCC_WARN_64_TO_32_BIT_CONVERSION = YES;
				GCC_WARN_ABOUT_RETURN_TYPE = YES_ERROR;
				GCC_WARN_UNDECLARED_SELECTOR = YES;
				GCC_WARN_UNINITIALIZED_AUTOS = YES_AGGRESSIVE;
				GCC_WARN_UNUSED_FUNCTION = YES;
				GCC_WARN_UNUSED_VARIABLE = YES;
				IPHONEOS_DEPLOYMENT_TARGET = 11.2;
				MTL_ENABLE_DEBUG_INFO = NO;
				SDKROOT = iphoneos;
				SWIFT_OPTIMIZATION_LEVEL = "-Owholemodule";
				VALIDATE_PRODUCT = YES;
			};
			name = Release;
		};
		69C0187320083F90005B2226 /* Debug */ = {
			isa = XCBuildConfiguration;
			baseConfigurationReference = C2622FC18CD428035221D101 /* Pods-SBLayoutDemo.debug.xcconfig */;
			buildSettings = {
				ASSETCATALOG_COMPILER_APPICON_NAME = AppIcon;
				CODE_SIGN_STYLE = Automatic;
				DEVELOPMENT_TEAM = "";
				INFOPLIST_FILE = SBLayoutDemo/Info.plist;
				LD_RUNPATH_SEARCH_PATHS = "$(inherited) @executable_path/Frameworks";
				PRODUCT_BUNDLE_IDENTIFIER = com.sb.SBLayoutDemo;
				PRODUCT_NAME = "$(TARGET_NAME)";
				SWIFT_VERSION = 4.0;
				TARGETED_DEVICE_FAMILY = "1,2";
			};
			name = Debug;
		};
		69C0187420083F90005B2226 /* Release */ = {
			isa = XCBuildConfiguration;
			baseConfigurationReference = 72DE6D9D7C7C2419E8B89DBB /* Pods-SBLayoutDemo.release.xcconfig */;
			buildSettings = {
				ASSETCATALOG_COMPILER_APPICON_NAME = AppIcon;
				CODE_SIGN_STYLE = Automatic;
				DEVELOPMENT_TEAM = "";
				INFOPLIST_FILE = SBLayoutDemo/Info.plist;
				LD_RUNPATH_SEARCH_PATHS = "$(inherited) @executable_path/Frameworks";
				PRODUCT_BUNDLE_IDENTIFIER = com.sb.SBLayoutDemo;
				PRODUCT_NAME = "$(TARGET_NAME)";
				SWIFT_VERSION = 4.0;
				TARGETED_DEVICE_FAMILY = "1,2";
			};
			name = Release;
		};
/* End XCBuildConfiguration section */

/* Begin XCConfigurationList section */
		69C0185B20083F90005B2226 /* Build configuration list for PBXProject "SBLayoutDemo" */ = {
			isa = XCConfigurationList;
			buildConfigurations = (
				69C0187020083F90005B2226 /* Debug */,
				69C0187120083F90005B2226 /* Release */,
			);
			defaultConfigurationIsVisible = 0;
			defaultConfigurationName = Release;
		};
		69C0187220083F90005B2226 /* Build configuration list for PBXNativeTarget "SBLayoutDemo" */ = {
			isa = XCConfigurationList;
			buildConfigurations = (
				69C0187320083F90005B2226 /* Debug */,
				69C0187420083F90005B2226 /* Release */,
			);
			defaultConfigurationIsVisible = 0;
			defaultConfigurationName = Release;
		};
/* End XCConfigurationList section */
	};
	rootObject = 69C0185820083F90005B2226 /* Project object */;
}
